// !$*UTF8*$!
{
	archiveVersion = 1;
	classes = {
	};
	objectVersion = 46;
	objects = {

/* Begin PBXBuildFile section */
		0503C62515999A1F000F6945 /* UIKit.framework in Frameworks */ = {isa = PBXBuildFile; fileRef = 0503C62415999A1F000F6945 /* UIKit.framework */; };
		0503C62715999A1F000F6945 /* Foundation.framework in Frameworks */ = {isa = PBXBuildFile; fileRef = 0503C62615999A1F000F6945 /* Foundation.framework */; };
		0503C62915999A1F000F6945 /* CoreGraphics.framework in Frameworks */ = {isa = PBXBuildFile; fileRef = 0503C62815999A1F000F6945 /* CoreGraphics.framework */; };
		0503C62F15999A1F000F6945 /* InfoPlist.strings in Resources */ = {isa = PBXBuildFile; fileRef = 0503C62D15999A1F000F6945 /* InfoPlist.strings */; };
		0503C63115999A1F000F6945 /* main.m in Sources */ = {isa = PBXBuildFile; fileRef = 0503C63015999A1F000F6945 /* main.m */; };
		0503C63515999A1F000F6945 /* AppDelegate.m in Sources */ = {isa = PBXBuildFile; fileRef = 0503C63415999A1F000F6945 /* AppDelegate.m */; };
		0503C64815999A6D000F6945 /* SystemConfiguration.framework in Frameworks */ = {isa = PBXBuildFile; fileRef = 0503C64715999A6D000F6945 /* SystemConfiguration.framework */; };
		0503C64A15999A77000F6945 /* CoreData.framework in Frameworks */ = {isa = PBXBuildFile; fileRef = 0503C64915999A77000F6945 /* CoreData.framework */; };
		0503C65415999C5F000F6945 /* ViewSwitcher.m in Sources */ = {isa = PBXBuildFile; fileRef = 0503C65315999C5F000F6945 /* ViewSwitcher.m */; };
		0503C67815999ED3000F6945 /* Model.xcdatamodeld in Sources */ = {isa = PBXBuildFile; fileRef = 0503C67615999ED3000F6945 /* Model.xcdatamodeld */; };
		0503C67E1599A109000F6945 /* Shop.m in Sources */ = {isa = PBXBuildFile; fileRef = 0503C67D1599A109000F6945 /* Shop.m */; };
		0503C6811599A109000F6945 /* Brand.m in Sources */ = {isa = PBXBuildFile; fileRef = 0503C6801599A109000F6945 /* Brand.m */; };
		0503C6841599A109000F6945 /* Item.m in Sources */ = {isa = PBXBuildFile; fileRef = 0503C6831599A109000F6945 /* Item.m */; };
		0503C6881599A517000F6945 /* MainViewController.m in Sources */ = {isa = PBXBuildFile; fileRef = 0503C6861599A517000F6945 /* MainViewController.m */; };
		0503C6891599A517000F6945 /* MainViewController.xib in Resources */ = {isa = PBXBuildFile; fileRef = 0503C6871599A517000F6945 /* MainViewController.xib */; };
		0503C6921599AC82000F6945 /* DesireViewController.m in Sources */ = {isa = PBXBuildFile; fileRef = 0503C6901599AC82000F6945 /* DesireViewController.m */; };
		0503C6931599AC82000F6945 /* DesireViewController.xib in Resources */ = {isa = PBXBuildFile; fileRef = 0503C6911599AC82000F6945 /* DesireViewController.xib */; };
		0503C6971599AC8D000F6945 /* SettingViewController.m in Sources */ = {isa = PBXBuildFile; fileRef = 0503C6951599AC8D000F6945 /* SettingViewController.m */; };
		0503C6981599AC8D000F6945 /* SettingViewController.xib in Resources */ = {isa = PBXBuildFile; fileRef = 0503C6961599AC8D000F6945 /* SettingViewController.xib */; };
		0503C69D1599AE4C000F6945 /* JSONKit.m in Sources */ = {isa = PBXBuildFile; fileRef = 0503C69A1599AE4C000F6945 /* JSONKit.m */; };
		0503C69E1599AE4C000F6945 /* Reachability.m in Sources */ = {isa = PBXBuildFile; fileRef = 0503C69C1599AE4C000F6945 /* Reachability.m */; };
		0530B9DA159AA24000920655 /* UpdateManager.m in Sources */ = {isa = PBXBuildFile; fileRef = 0530B9D9159AA24000920655 /* UpdateManager.m */; };
		0530B9DD159AA26100920655 /* BrandManager.m in Sources */ = {isa = PBXBuildFile; fileRef = 0530B9DC159AA26100920655 /* BrandManager.m */; };
		0530B9E0159AA27C00920655 /* ItemManager.m in Sources */ = {isa = PBXBuildFile; fileRef = 0530B9DF159AA27C00920655 /* ItemManager.m */; };
		0530B9E3159AA28700920655 /* ShopManager.m in Sources */ = {isa = PBXBuildFile; fileRef = 0530B9E2159AA28700920655 /* ShopManager.m */; };
		2B825EB2159AB7BC00763FBA /* AboutViewController.m in Sources */ = {isa = PBXBuildFile; fileRef = 2B825EB0159AB7BC00763FBA /* AboutViewController.m */; };
		2B825EB3159AB7BC00763FBA /* AboutViewController.xib in Resources */ = {isa = PBXBuildFile; fileRef = 2B825EB1159AB7BC00763FBA /* AboutViewController.xib */; };
/* End PBXBuildFile section */

/* Begin PBXFileReference section */
		0503C62015999A1F000F6945 /* LoveShopping.app */ = {isa = PBXFileReference; explicitFileType = wrapper.application; includeInIndex = 0; path = LoveShopping.app; sourceTree = BUILT_PRODUCTS_DIR; };
		0503C62415999A1F000F6945 /* UIKit.framework */ = {isa = PBXFileReference; lastKnownFileType = wrapper.framework; name = UIKit.framework; path = System/Library/Frameworks/UIKit.framework; sourceTree = SDKROOT; };
		0503C62615999A1F000F6945 /* Foundation.framework */ = {isa = PBXFileReference; lastKnownFileType = wrapper.framework; name = Foundation.framework; path = System/Library/Frameworks/Foundation.framework; sourceTree = SDKROOT; };
		0503C62815999A1F000F6945 /* CoreGraphics.framework */ = {isa = PBXFileReference; lastKnownFileType = wrapper.framework; name = CoreGraphics.framework; path = System/Library/Frameworks/CoreGraphics.framework; sourceTree = SDKROOT; };
		0503C62C15999A1F000F6945 /* LoveShopping-Info.plist */ = {isa = PBXFileReference; lastKnownFileType = text.plist.xml; path = "LoveShopping-Info.plist"; sourceTree = "<group>"; };
		0503C62E15999A1F000F6945 /* en */ = {isa = PBXFileReference; lastKnownFileType = text.plist.strings; name = en; path = en.lproj/InfoPlist.strings; sourceTree = "<group>"; };
		0503C63015999A1F000F6945 /* main.m */ = {isa = PBXFileReference; lastKnownFileType = sourcecode.c.objc; path = main.m; sourceTree = "<group>"; };
		0503C63215999A1F000F6945 /* LoveShopping-Prefix.pch */ = {isa = PBXFileReference; lastKnownFileType = sourcecode.c.h; path = "LoveShopping-Prefix.pch"; sourceTree = "<group>"; };
		0503C63315999A1F000F6945 /* AppDelegate.h */ = {isa = PBXFileReference; lastKnownFileType = sourcecode.c.h; path = AppDelegate.h; sourceTree = "<group>"; };
		0503C63415999A1F000F6945 /* AppDelegate.m */ = {isa = PBXFileReference; lastKnownFileType = sourcecode.c.objc; path = AppDelegate.m; sourceTree = "<group>"; };
		0503C64715999A6D000F6945 /* SystemConfiguration.framework */ = {isa = PBXFileReference; lastKnownFileType = wrapper.framework; name = SystemConfiguration.framework; path = System/Library/Frameworks/SystemConfiguration.framework; sourceTree = SDKROOT; };
		0503C64915999A77000F6945 /* CoreData.framework */ = {isa = PBXFileReference; lastKnownFileType = wrapper.framework; name = CoreData.framework; path = System/Library/Frameworks/CoreData.framework; sourceTree = SDKROOT; };
		0503C65215999C5F000F6945 /* ViewSwitcher.h */ = {isa = PBXFileReference; fileEncoding = 4; lastKnownFileType = sourcecode.c.h; path = ViewSwitcher.h; sourceTree = "<group>"; };
		0503C65315999C5F000F6945 /* ViewSwitcher.m */ = {isa = PBXFileReference; fileEncoding = 4; lastKnownFileType = sourcecode.c.objc; path = ViewSwitcher.m; sourceTree = "<group>"; };
		0503C67715999ED3000F6945 /* Model.xcdatamodel */ = {isa = PBXFileReference; lastKnownFileType = wrapper.xcdatamodel; path = Model.xcdatamodel; sourceTree = "<group>"; };
		0503C67C1599A109000F6945 /* Shop.h */ = {isa = PBXFileReference; fileEncoding = 4; lastKnownFileType = sourcecode.c.h; path = Shop.h; sourceTree = "<group>"; };
		0503C67D1599A109000F6945 /* Shop.m */ = {isa = PBXFileReference; fileEncoding = 4; lastKnownFileType = sourcecode.c.objc; path = Shop.m; sourceTree = "<group>"; };
		0503C67F1599A109000F6945 /* Brand.h */ = {isa = PBXFileReference; fileEncoding = 4; lastKnownFileType = sourcecode.c.h; path = Brand.h; sourceTree = "<group>"; };
		0503C6801599A109000F6945 /* Brand.m */ = {isa = PBXFileReference; fileEncoding = 4; lastKnownFileType = sourcecode.c.objc; path = Brand.m; sourceTree = "<group>"; };
		0503C6821599A109000F6945 /* Item.h */ = {isa = PBXFileReference; fileEncoding = 4; lastKnownFileType = sourcecode.c.h; path = Item.h; sourceTree = "<group>"; };
		0503C6831599A109000F6945 /* Item.m */ = {isa = PBXFileReference; fileEncoding = 4; lastKnownFileType = sourcecode.c.objc; path = Item.m; sourceTree = "<group>"; };
		0503C6851599A517000F6945 /* MainViewController.h */ = {isa = PBXFileReference; fileEncoding = 4; lastKnownFileType = sourcecode.c.h; path = MainViewController.h; sourceTree = "<group>"; };
		0503C6861599A517000F6945 /* MainViewController.m */ = {isa = PBXFileReference; fileEncoding = 4; lastKnownFileType = sourcecode.c.objc; path = MainViewController.m; sourceTree = "<group>"; };
		0503C6871599A517000F6945 /* MainViewController.xib */ = {isa = PBXFileReference; fileEncoding = 4; lastKnownFileType = file.xib; path = MainViewController.xib; sourceTree = "<group>"; };
		0503C68F1599AC82000F6945 /* DesireViewController.h */ = {isa = PBXFileReference; fileEncoding = 4; lastKnownFileType = sourcecode.c.h; path = DesireViewController.h; sourceTree = "<group>"; };
		0503C6901599AC82000F6945 /* DesireViewController.m */ = {isa = PBXFileReference; fileEncoding = 4; lastKnownFileType = sourcecode.c.objc; path = DesireViewController.m; sourceTree = "<group>"; };
		0503C6911599AC82000F6945 /* DesireViewController.xib */ = {isa = PBXFileReference; fileEncoding = 4; lastKnownFileType = file.xib; path = DesireViewController.xib; sourceTree = "<group>"; };
		0503C6941599AC8D000F6945 /* SettingViewController.h */ = {isa = PBXFileReference; fileEncoding = 4; lastKnownFileType = sourcecode.c.h; path = SettingViewController.h; sourceTree = "<group>"; };
		0503C6951599AC8D000F6945 /* SettingViewController.m */ = {isa = PBXFileReference; fileEncoding = 4; lastKnownFileType = sourcecode.c.objc; path = SettingViewController.m; sourceTree = "<group>"; };
		0503C6961599AC8D000F6945 /* SettingViewController.xib */ = {isa = PBXFileReference; fileEncoding = 4; lastKnownFileType = file.xib; path = SettingViewController.xib; sourceTree = "<group>"; };
		0503C6991599AE4C000F6945 /* JSONKit.h */ = {isa = PBXFileReference; fileEncoding = 4; lastKnownFileType = sourcecode.c.h; path = JSONKit.h; sourceTree = "<group>"; };
		0503C69A1599AE4C000F6945 /* JSONKit.m */ = {isa = PBXFileReference; fileEncoding = 4; lastKnownFileType = sourcecode.c.objc; path = JSONKit.m; sourceTree = "<group>"; };
		0503C69B1599AE4C000F6945 /* Reachability.h */ = {isa = PBXFileReference; fileEncoding = 4; lastKnownFileType = sourcecode.c.h; path = Reachability.h; sourceTree = "<group>"; };
		0503C69C1599AE4C000F6945 /* Reachability.m */ = {isa = PBXFileReference; fileEncoding = 4; lastKnownFileType = sourcecode.c.objc; path = Reachability.m; sourceTree = "<group>"; };
		0530B9D8159AA24000920655 /* UpdateManager.h */ = {isa = PBXFileReference; fileEncoding = 4; lastKnownFileType = sourcecode.c.h; path = UpdateManager.h; sourceTree = "<group>"; };
		0530B9D9159AA24000920655 /* UpdateManager.m */ = {isa = PBXFileReference; fileEncoding = 4; lastKnownFileType = sourcecode.c.objc; path = UpdateManager.m; sourceTree = "<group>"; };
		0530B9DB159AA26100920655 /* BrandManager.h */ = {isa = PBXFileReference; fileEncoding = 4; lastKnownFileType = sourcecode.c.h; path = BrandManager.h; sourceTree = "<group>"; };
		0530B9DC159AA26100920655 /* BrandManager.m */ = {isa = PBXFileReference; fileEncoding = 4; lastKnownFileType = sourcecode.c.objc; path = BrandManager.m; sourceTree = "<group>"; };
		0530B9DE159AA27C00920655 /* ItemManager.h */ = {isa = PBXFileReference; fileEncoding = 4; lastKnownFileType = sourcecode.c.h; path = ItemManager.h; sourceTree = "<group>"; };
		0530B9DF159AA27C00920655 /* ItemManager.m */ = {isa = PBXFileReference; fileEncoding = 4; lastKnownFileType = sourcecode.c.objc; path = ItemManager.m; sourceTree = "<group>"; };
		0530B9E1159AA28700920655 /* ShopManager.h */ = {isa = PBXFileReference; fileEncoding = 4; lastKnownFileType = sourcecode.c.h; path = ShopManager.h; sourceTree = "<group>"; };
		0530B9E2159AA28700920655 /* ShopManager.m */ = {isa = PBXFileReference; fileEncoding = 4; lastKnownFileType = sourcecode.c.objc; path = ShopManager.m; sourceTree = "<group>"; };
		2B825EAF159AB7BC00763FBA /* AboutViewController.h */ = {isa = PBXFileReference; fileEncoding = 4; lastKnownFileType = sourcecode.c.h; path = AboutViewController.h; sourceTree = "<group>"; };
		2B825EB0159AB7BC00763FBA /* AboutViewController.m */ = {isa = PBXFileReference; fileEncoding = 4; lastKnownFileType = sourcecode.c.objc; path = AboutViewController.m; sourceTree = "<group>"; };
		2B825EB1159AB7BC00763FBA /* AboutViewController.xib */ = {isa = PBXFileReference; fileEncoding = 4; lastKnownFileType = file.xib; path = AboutViewController.xib; sourceTree = "<group>"; };
/* End PBXFileReference section */

/* Begin PBXFrameworksBuildPhase section */
		0503C61D15999A1F000F6945 /* Frameworks */ = {
			isa = PBXFrameworksBuildPhase;
			buildActionMask = 2147483647;
			files = (
				0503C64A15999A77000F6945 /* CoreData.framework in Frameworks */,
				0503C64815999A6D000F6945 /* SystemConfiguration.framework in Frameworks */,
				0503C62515999A1F000F6945 /* UIKit.framework in Frameworks */,
				0503C62715999A1F000F6945 /* Foundation.framework in Frameworks */,
				0503C62915999A1F000F6945 /* CoreGraphics.framework in Frameworks */,
			);
			runOnlyForDeploymentPostprocessing = 0;
		};
/* End PBXFrameworksBuildPhase section */

/* Begin PBXGroup section */
		0503C61515999A1F000F6945 = {
			isa = PBXGroup;
			children = (
				0503C64915999A77000F6945 /* CoreData.framework */,
				0503C64715999A6D000F6945 /* SystemConfiguration.framework */,
				0503C62A15999A1F000F6945 /* LoveShopping */,
				0503C62315999A1F000F6945 /* Frameworks */,
				0503C62115999A1F000F6945 /* Products */,
			);
			sourceTree = "<group>";
		};
		0503C62115999A1F000F6945 /* Products */ = {
			isa = PBXGroup;
			children = (
				0503C62015999A1F000F6945 /* LoveShopping.app */,
			);
			name = Products;
			sourceTree = "<group>";
		};
		0503C62315999A1F000F6945 /* Frameworks */ = {
			isa = PBXGroup;
			children = (
				0503C62415999A1F000F6945 /* UIKit.framework */,
				0503C62615999A1F000F6945 /* Foundation.framework */,
				0503C62815999A1F000F6945 /* CoreGraphics.framework */,
			);
			name = Frameworks;
			sourceTree = "<group>";
		};
		0503C62A15999A1F000F6945 /* LoveShopping */ = {
			isa = PBXGroup;
			children = (
				0503C64C15999A88000F6945 /* Controller */,
				0503C64B15999A81000F6945 /* View */,
				0503C64615999A50000F6945 /* Model */,
				0503C64515999A47000F6945 /* External */,
				0503C64415999A3F000F6945 /* Backend */,
				0503C63315999A1F000F6945 /* AppDelegate.h */,
				0503C63415999A1F000F6945 /* AppDelegate.m */,
				0503C62B15999A1F000F6945 /* Supporting Files */,
			);
			path = LoveShopping;
			sourceTree = "<group>";
		};
		0503C62B15999A1F000F6945 /* Supporting Files */ = {
			isa = PBXGroup;
			children = (
				0503C62C15999A1F000F6945 /* LoveShopping-Info.plist */,
				0503C62D15999A1F000F6945 /* InfoPlist.strings */,
				0503C63015999A1F000F6945 /* main.m */,
				0503C63215999A1F000F6945 /* LoveShopping-Prefix.pch */,
			);
			name = "Supporting Files";
			sourceTree = "<group>";
		};
		0503C64415999A3F000F6945 /* Backend */ = {
			isa = PBXGroup;
			children = (
				0530B9D8159AA24000920655 /* UpdateManager.h */,
				0530B9D9159AA24000920655 /* UpdateManager.m */,
				0530B9DB159AA26100920655 /* BrandManager.h */,
				0530B9DC159AA26100920655 /* BrandManager.m */,
				0530B9DE159AA27C00920655 /* ItemManager.h */,
				0530B9DF159AA27C00920655 /* ItemManager.m */,
				0530B9E1159AA28700920655 /* ShopManager.h */,
				0530B9E2159AA28700920655 /* ShopManager.m */,
			);
			name = Backend;
			sourceTree = "<group>";
		};
		0503C64515999A47000F6945 /* External */ = {
			isa = PBXGroup;
			children = (
				0503C6991599AE4C000F6945 /* JSONKit.h */,
				0503C69A1599AE4C000F6945 /* JSONKit.m */,
				0503C69B1599AE4C000F6945 /* Reachability.h */,
				0503C69C1599AE4C000F6945 /* Reachability.m */,
			);
			name = External;
			sourceTree = "<group>";
		};
		0503C64615999A50000F6945 /* Model */ = {
			isa = PBXGroup;
			children = (
				0503C67615999ED3000F6945 /* Model.xcdatamodeld */,
				0503C6821599A109000F6945 /* Item.h */,
				0503C6831599A109000F6945 /* Item.m */,
				0503C67F1599A109000F6945 /* Brand.h */,
				0503C6801599A109000F6945 /* Brand.m */,
				0503C67C1599A109000F6945 /* Shop.h */,
				0503C67D1599A109000F6945 /* Shop.m */,
			);
			name = Model;
			sourceTree = "<group>";
		};
		0503C64B15999A81000F6945 /* View */ = {
			isa = PBXGroup;
			children = (
			);
			name = View;
			sourceTree = "<group>";
		};
		0503C64C15999A88000F6945 /* Controller */ = {
			isa = PBXGroup;
			children = (
				0503C65215999C5F000F6945 /* ViewSwitcher.h */,
				0503C65315999C5F000F6945 /* ViewSwitcher.m */,
				0503C6851599A517000F6945 /* MainViewController.h */,
				0503C6861599A517000F6945 /* MainViewController.m */,
				0503C6871599A517000F6945 /* MainViewController.xib */,
				0503C68F1599AC82000F6945 /* DesireViewController.h */,
				0503C6901599AC82000F6945 /* DesireViewController.m */,
				0503C6911599AC82000F6945 /* DesireViewController.xib */,
				0503C6941599AC8D000F6945 /* SettingViewController.h */,
				0503C6951599AC8D000F6945 /* SettingViewController.m */,
				0503C6961599AC8D000F6945 /* SettingViewController.xib */,
				2B825EAF159AB7BC00763FBA /* AboutViewController.h */,
				2B825EB0159AB7BC00763FBA /* AboutViewController.m */,
				2B825EB1159AB7BC00763FBA /* AboutViewController.xib */,
			);
			name = Controller;
			sourceTree = "<group>";
		};
/* End PBXGroup section */

/* Begin PBXNativeTarget section */
		0503C61F15999A1F000F6945 /* LoveShopping */ = {
			isa = PBXNativeTarget;
			buildConfigurationList = 0503C64115999A1F000F6945 /* Build configuration list for PBXNativeTarget "LoveShopping" */;
			buildPhases = (
				0503C61C15999A1F000F6945 /* Sources */,
				0503C61D15999A1F000F6945 /* Frameworks */,
				0503C61E15999A1F000F6945 /* Resources */,
			);
			buildRules = (
			);
			dependencies = (
			);
			name = LoveShopping;
			productName = LoveShopping;
			productReference = 0503C62015999A1F000F6945 /* LoveShopping.app */;
			productType = "com.apple.product-type.application";
		};
/* End PBXNativeTarget section */

/* Begin PBXProject section */
		0503C61715999A1F000F6945 /* Project object */ = {
			isa = PBXProject;
			attributes = {
				LastUpgradeCheck = 0430;
				ORGANIZATIONNAME = "Egibbon Inc.";
			};
			buildConfigurationList = 0503C61A15999A1F000F6945 /* Build configuration list for PBXProject "LoveShopping" */;
			compatibilityVersion = "Xcode 3.2";
			developmentRegion = English;
			hasScannedForEncodings = 0;
			knownRegions = (
				en,
			);
			mainGroup = 0503C61515999A1F000F6945;
			productRefGroup = 0503C62115999A1F000F6945 /* Products */;
			projectDirPath = "";
			projectRoot = "";
			targets = (
				0503C61F15999A1F000F6945 /* LoveShopping */,
			);
		};
/* End PBXProject section */

/* Begin PBXResourcesBuildPhase section */
		0503C61E15999A1F000F6945 /* Resources */ = {
			isa = PBXResourcesBuildPhase;
			buildActionMask = 2147483647;
			files = (
				0503C62F15999A1F000F6945 /* InfoPlist.strings in Resources */,
				0503C6891599A517000F6945 /* MainViewController.xib in Resources */,
				0503C6931599AC82000F6945 /* DesireViewController.xib in Resources */,
				0503C6981599AC8D000F6945 /* SettingViewController.xib in Resources */,
				2B825EB3159AB7BC00763FBA /* AboutViewController.xib in Resources */,
			);
			runOnlyForDeploymentPostprocessing = 0;
		};
/* End PBXResourcesBuildPhase section */

/* Begin PBXSourcesBuildPhase section */
		0503C61C15999A1F000F6945 /* Sources */ = {
			isa = PBXSourcesBuildPhase;
			buildActionMask = 2147483647;
			files = (
				0503C63115999A1F000F6945 /* main.m in Sources */,
				0503C63515999A1F000F6945 /* AppDelegate.m in Sources */,
				0503C65415999C5F000F6945 /* ViewSwitcher.m in Sources */,
				0503C67815999ED3000F6945 /* Model.xcdatamodeld in Sources */,
				0503C67E1599A109000F6945 /* Shop.m in Sources */,
				0503C6811599A109000F6945 /* Brand.m in Sources */,
				0503C6841599A109000F6945 /* Item.m in Sources */,
				0503C6881599A517000F6945 /* MainViewController.m in Sources */,
				0503C6921599AC82000F6945 /* DesireViewController.m in Sources */,
				0503C6971599AC8D000F6945 /* SettingViewController.m in Sources */,
				0503C69D1599AE4C000F6945 /* JSONKit.m in Sources */,
				0503C69E1599AE4C000F6945 /* Reachability.m in Sources */,
				0530B9DA159AA24000920655 /* UpdateManager.m in Sources */,
				0530B9DD159AA26100920655 /* BrandManager.m in Sources */,
				0530B9E0159AA27C00920655 /* ItemManager.m in Sources */,
				0530B9E3159AA28700920655 /* ShopManager.m in Sources */,
				2B825EB2159AB7BC00763FBA /* AboutViewController.m in Sources */,
			);
			runOnlyForDeploymentPostprocessing = 0;
		};
/* End PBXSourcesBuildPhase section */

/* Begin PBXVariantGroup section */
		0503C62D15999A1F000F6945 /* InfoPlist.strings */ = {
			isa = PBXVariantGroup;
			children = (
				0503C62E15999A1F000F6945 /* en */,
			);
			name = InfoPlist.strings;
			sourceTree = "<group>";
		};
/* End PBXVariantGroup section */

/* Begin XCBuildConfiguration section */
		0503C63F15999A1F000F6945 /* Debug */ = {
			isa = XCBuildConfiguration;
			buildSettings = {
				ALWAYS_SEARCH_USER_PATHS = NO;
				ARCHS = "$(ARCHS_STANDARD_32_BIT)";
				"CODE_SIGN_IDENTITY[sdk=iphoneos*]" = "iPhone Developer";
				COPY_PHASE_STRIP = NO;
				GCC_C_LANGUAGE_STANDARD = gnu99;
				GCC_DYNAMIC_NO_PIC = NO;
				GCC_OPTIMIZATION_LEVEL = 0;
				GCC_PREPROCESSOR_DEFINITIONS = (
					"DEBUG=1",
					"$(inherited)",
				);
				GCC_SYMBOLS_PRIVATE_EXTERN = NO;
				GCC_VERSION = com.apple.compilers.llvm.clang.1_0;
				GCC_WARN_ABOUT_RETURN_TYPE = YES;
				GCC_WARN_UNINITIALIZED_AUTOS = YES;
				GCC_WARN_UNUSED_VARIABLE = YES;
				IPHONEOS_DEPLOYMENT_TARGET = 5.1;
				SDKROOT = iphoneos;
				TARGETED_DEVICE_FAMILY = "1,2";
			};
			name = Debug;
		};
		0503C64015999A1F000F6945 /* Release */ = {
			isa = XCBuildConfiguration;
			buildSettings = {
				ALWAYS_SEARCH_USER_PATHS = NO;
				ARCHS = "$(ARCHS_STANDARD_32_BIT)";
				"CODE_SIGN_IDENTITY[sdk=iphoneos*]" = "iPhone Developer";
				COPY_PHASE_STRIP = YES;
				GCC_C_LANGUAGE_STANDARD = gnu99;
				GCC_VERSION = com.apple.compilers.llvm.clang.1_0;
				GCC_WARN_ABOUT_RETURN_TYPE = YES;
				GCC_WARN_UNINITIALIZED_AUTOS = YES;
				GCC_WARN_UNUSED_VARIABLE = YES;
				IPHONEOS_DEPLOYMENT_TARGET = 5.1;
				OTHER_CFLAGS = "-DNS_BLOCK_ASSERTIONS=1";
				SDKROOT = iphoneos;
				TARGETED_DEVICE_FAMILY = "1,2";
				VALIDATE_PRODUCT = YES;
			};
			name = Release;
		};
		0503C64215999A1F000F6945 /* Debug */ = {
			isa = XCBuildConfiguration;
			buildSettings = {
				GCC_PRECOMPILE_PREFIX_HEADER = YES;
				GCC_PREFIX_HEADER = "LoveShopping/LoveShopping-Prefix.pch";
				INFOPLIST_FILE = "LoveShopping/LoveShopping-Info.plist";
				IPHONEOS_DEPLOYMENT_TARGET = 4.0;
				PRODUCT_NAME = "$(TARGET_NAME)";
				WRAPPER_EXTENSION = app;
			};
			name = Debug;
		};
		0503C64315999A1F000F6945 /* Release */ = {
			isa = XCBuildConfiguration;
			buildSettings = {
				GCC_PRECOMPILE_PREFIX_HEADER = YES;
				GCC_PREFIX_HEADER = "LoveShopping/LoveShopping-Prefix.pch";
				INFOPLIST_FILE = "LoveShopping/LoveShopping-Info.plist";
				IPHONEOS_DEPLOYMENT_TARGET = 4.0;
				PRODUCT_NAME = "$(TARGET_NAME)";
				WRAPPER_EXTENSION = app;
			};
			name = Release;
		};
/* End XCBuildConfiguration section */

/* Begin XCConfigurationList section */
		0503C61A15999A1F000F6945 /* Build configuration list for PBXProject "LoveShopping" */ = {
			isa = XCConfigurationList;
			buildConfigurations = (
				0503C63F15999A1F000F6945 /* Debug */,
				0503C64015999A1F000F6945 /* Release */,
			);
			defaultConfigurationIsVisible = 0;
			defaultConfigurationName = Release;
		};
		0503C64115999A1F000F6945 /* Build configuration list for PBXNativeTarget "LoveShopping" */ = {
			isa = XCConfigurationList;
			buildConfigurations = (
				0503C64215999A1F000F6945 /* Debug */,
				0503C64315999A1F000F6945 /* Release */,
			);
			defaultConfigurationIsVisible = 0;
			defaultConfigurationName = Release;
		};
/* End XCConfigurationList section */

/* Begin XCVersionGroup section */
		0503C67615999ED3000F6945 /* Model.xcdatamodeld */ = {
			isa = XCVersionGroup;
			children = (
				0503C67715999ED3000F6945 /* Model.xcdatamodel */,
			);
			currentVersion = 0503C67715999ED3000F6945 /* Model.xcdatamodel */;
			path = Model.xcdatamodeld;
			sourceTree = "<group>";
			versionGroupType = wrapper.xcdatamodel;
		};
/* End XCVersionGroup section */
	};
	rootObject = 0503C61715999A1F000F6945 /* Project object */;
}
