// !$*UTF8*$!
{
	archiveVersion = 1;
	classes = {
	};
	objectVersion = 46;
	objects = {

/* Begin PBXBuildFile section */
		0503C62515999A1F000F6945 /* UIKit.framework in Frameworks */ = {isa = PBXBuildFile; fileRef = 0503C62415999A1F000F6945 /* UIKit.framework */; };
		0503C62715999A1F000F6945 /* Foundation.framework in Frameworks */ = {isa = PBXBuildFile; fileRef = 0503C62615999A1F000F6945 /* Foundation.framework */; };
		0503C62915999A1F000F6945 /* CoreGraphics.framework in Frameworks */ = {isa = PBXBuildFile; fileRef = 0503C62815999A1F000F6945 /* CoreGraphics.framework */; };
		0503C62F15999A1F000F6945 /* InfoPlist.strings in Resources */ = {isa = PBXBuildFile; fileRef = 0503C62D15999A1F000F6945 /* InfoPlist.strings */; };
		0503C63115999A1F000F6945 /* main.m in Sources */ = {isa = PBXBuildFile; fileRef = 0503C63015999A1F000F6945 /* main.m */; };
		0503C63515999A1F000F6945 /* AppDelegate.m in Sources */ = {isa = PBXBuildFile; fileRef = 0503C63415999A1F000F6945 /* AppDelegate.m */; };
		0503C63815999A1F000F6945 /* ViewController.m in Sources */ = {isa = PBXBuildFile; fileRef = 0503C63715999A1F000F6945 /* ViewController.m */; };
		0503C63B15999A1F000F6945 /* ViewController_iPhone.xib in Resources */ = {isa = PBXBuildFile; fileRef = 0503C63915999A1F000F6945 /* ViewController_iPhone.xib */; };
		0503C63E15999A1F000F6945 /* ViewController_iPad.xib in Resources */ = {isa = PBXBuildFile; fileRef = 0503C63C15999A1F000F6945 /* ViewController_iPad.xib */; };
/* End PBXBuildFile section */

/* Begin PBXFileReference section */
		0503C62015999A1F000F6945 /* LoveShopping.app */ = {isa = PBXFileReference; explicitFileType = wrapper.application; includeInIndex = 0; path = LoveShopping.app; sourceTree = BUILT_PRODUCTS_DIR; };
		0503C62415999A1F000F6945 /* UIKit.framework */ = {isa = PBXFileReference; lastKnownFileType = wrapper.framework; name = UIKit.framework; path = System/Library/Frameworks/UIKit.framework; sourceTree = SDKROOT; };
		0503C62615999A1F000F6945 /* Foundation.framework */ = {isa = PBXFileReference; lastKnownFileType = wrapper.framework; name = Foundation.framework; path = System/Library/Frameworks/Foundation.framework; sourceTree = SDKROOT; };
		0503C62815999A1F000F6945 /* CoreGraphics.framework */ = {isa = PBXFileReference; lastKnownFileType = wrapper.framework; name = CoreGraphics.framework; path = System/Library/Frameworks/CoreGraphics.framework; sourceTree = SDKROOT; };
		0503C62C15999A1F000F6945 /* LoveShopping-Info.plist */ = {isa = PBXFileReference; path = "LoveShopping-Info.plist"; sourceTree = "<group>"; };
		0503C62E15999A1F000F6945 /* en */ = {isa = PBXFileReference; lastKnownFileType = text.plist.strings; name = en; path = en.lproj/InfoPlist.strings; sourceTree = "<group>"; };
		0503C63015999A1F000F6945 /* main.m */ = {isa = PBXFileReference; lastKnownFileType = sourcecode.c.objc; path = main.m; sourceTree = "<group>"; };
		0503C63215999A1F000F6945 /* LoveShopping-Prefix.pch */ = {isa = PBXFileReference; path = "LoveShopping-Prefix.pch"; sourceTree = "<group>"; };
		0503C63315999A1F000F6945 /* AppDelegate.h */ = {isa = PBXFileReference; path = AppDelegate.h; sourceTree = "<group>"; };
		0503C63415999A1F000F6945 /* AppDelegate.m */ = {isa = PBXFileReference; lastKnownFileType = sourcecode.c.objc; path = AppDelegate.m; sourceTree = "<group>"; };
		0503C63615999A1F000F6945 /* ViewController.h */ = {isa = PBXFileReference; path = ViewController.h; sourceTree = "<group>"; };
		0503C63715999A1F000F6945 /* ViewController.m */ = {isa = PBXFileReference; lastKnownFileType = sourcecode.c.objc; path = ViewController.m; sourceTree = "<group>"; };
		0503C63A15999A1F000F6945 /* en */ = {isa = PBXFileReference; lastKnownFileType = file.xib; name = en; path = en.lproj/ViewController_iPhone.xib; sourceTree = "<group>"; };
		0503C63D15999A1F000F6945 /* en */ = {isa = PBXFileReference; lastKnownFileType = file.xib; name = en; path = en.lproj/ViewController_iPad.xib; sourceTree = "<group>"; };
/* End PBXFileReference section */

/* Begin PBXFrameworksBuildPhase section */
		0503C61D15999A1F000F6945 /* Frameworks */ = {
			isa = PBXFrameworksBuildPhase;
			buildActionMask = 2147483647;
			files = (
				0503C62515999A1F000F6945 /* UIKit.framework in Frameworks */,
				0503C62715999A1F000F6945 /* Foundation.framework in Frameworks */,
				0503C62915999A1F000F6945 /* CoreGraphics.framework in Frameworks */,
			);
			runOnlyForDeploymentPostprocessing = 0;
		};
/* End PBXFrameworksBuildPhase section */

/* Begin PBXGroup section */
		0503C61515999A1F000F6945 = {
			isa = PBXGroup;
			children = (
				0503C62A15999A1F000F6945 /* LoveShopping */,
				0503C62315999A1F000F6945 /* Frameworks */,
				0503C62115999A1F000F6945 /* Products */,
			);
			sourceTree = "<group>";
		};
		0503C62115999A1F000F6945 /* Products */ = {
			isa = PBXGroup;
			children = (
				0503C62015999A1F000F6945 /* LoveShopping.app */,
			);
			name = Products;
			sourceTree = "<group>";
		};
		0503C62315999A1F000F6945 /* Frameworks */ = {
			isa = PBXGroup;
			children = (
				0503C62415999A1F000F6945 /* UIKit.framework */,
				0503C62615999A1F000F6945 /* Foundation.framework */,
				0503C62815999A1F000F6945 /* CoreGraphics.framework */,
			);
			name = Frameworks;
			sourceTree = "<group>";
		};
		0503C62A15999A1F000F6945 /* LoveShopping */ = {
			isa = PBXGroup;
			children = (
				0503C63315999A1F000F6945 /* AppDelegate.h */,
				0503C63415999A1F000F6945 /* AppDelegate.m */,
				0503C63615999A1F000F6945 /* ViewController.h */,
				0503C63715999A1F000F6945 /* ViewController.m */,
				0503C63915999A1F000F6945 /* ViewController_iPhone.xib */,
				0503C63C15999A1F000F6945 /* ViewController_iPad.xib */,
				0503C62B15999A1F000F6945 /* Supporting Files */,
			);
			path = LoveShopping;
			sourceTree = "<group>";
		};
		0503C62B15999A1F000F6945 /* Supporting Files */ = {
			isa = PBXGroup;
			children = (
				0503C62C15999A1F000F6945 /* LoveShopping-Info.plist */,
				0503C62D15999A1F000F6945 /* InfoPlist.strings */,
				0503C63015999A1F000F6945 /* main.m */,
				0503C63215999A1F000F6945 /* LoveShopping-Prefix.pch */,
			);
			name = "Supporting Files";
			sourceTree = "<group>";
		};
/* End PBXGroup section */

/* Begin PBXNativeTarget section */
		0503C61F15999A1F000F6945 /* LoveShopping */ = {
			isa = PBXNativeTarget;
			buildConfigurationList = 0503C64115999A1F000F6945 /* Build configuration list for PBXNativeTarget "LoveShopping" */;
			buildPhases = (
				0503C61C15999A1F000F6945 /* Sources */,
				0503C61D15999A1F000F6945 /* Frameworks */,
				0503C61E15999A1F000F6945 /* Resources */,
			);
			buildRules = (
			);
			dependencies = (
			);
			name = LoveShopping;
			productName = LoveShopping;
			productReference = 0503C62015999A1F000F6945 /* LoveShopping.app */;
			productType = "com.apple.product-type.application";
		};
/* End PBXNativeTarget section */

/* Begin PBXProject section */
		0503C61715999A1F000F6945 /* Project object */ = {
			isa = PBXProject;
			attributes = {
				LastUpgradeCheck = 0430;
				ORGANIZATIONNAME = "Egibbon Inc.";
			};
			buildConfigurationList = 0503C61A15999A1F000F6945 /* Build configuration list for PBXProject "LoveShopping" */;
			compatibilityVersion = "Xcode 3.2";
			developmentRegion = English;
			hasScannedForEncodings = 0;
			knownRegions = (
				en,
			);
			mainGroup = 0503C61515999A1F000F6945;
			productRefGroup = 0503C62115999A1F000F6945 /* Products */;
			projectDirPath = "";
			projectRoot = "";
			targets = (
				0503C61F15999A1F000F6945 /* LoveShopping */,
			);
		};
/* End PBXProject section */

/* Begin PBXResourcesBuildPhase section */
		0503C61E15999A1F000F6945 /* Resources */ = {
			isa = PBXResourcesBuildPhase;
			buildActionMask = 2147483647;
			files = (
				0503C62F15999A1F000F6945 /* InfoPlist.strings in Resources */,
				0503C63B15999A1F000F6945 /* ViewController_iPhone.xib in Resources */,
				0503C63E15999A1F000F6945 /* ViewController_iPad.xib in Resources */,
			);
			runOnlyForDeploymentPostprocessing = 0;
		};
/* End PBXResourcesBuildPhase section */

/* Begin PBXSourcesBuildPhase section */
		0503C61C15999A1F000F6945 /* Sources */ = {
			isa = PBXSourcesBuildPhase;
			buildActionMask = 2147483647;
			files = (
				0503C63115999A1F000F6945 /* main.m in Sources */,
				0503C63515999A1F000F6945 /* AppDelegate.m in Sources */,
				0503C63815999A1F000F6945 /* ViewController.m in Sources */,
			);
			runOnlyForDeploymentPostprocessing = 0;
		};
/* End PBXSourcesBuildPhase section */

/* Begin PBXVariantGroup section */
		0503C62D15999A1F000F6945 /* InfoPlist.strings */ = {
			isa = PBXVariantGroup;
			children = (
				0503C62E15999A1F000F6945 /* en */,
			);
			name = InfoPlist.strings;
			sourceTree = "<group>";
		};
		0503C63915999A1F000F6945 /* ViewController_iPhone.xib */ = {
			isa = PBXVariantGroup;
			children = (
				0503C63A15999A1F000F6945 /* en */,
			);
			name = ViewController_iPhone.xib;
			sourceTree = "<group>";
		};
		0503C63C15999A1F000F6945 /* ViewController_iPad.xib */ = {
			isa = PBXVariantGroup;
			children = (
				0503C63D15999A1F000F6945 /* en */,
			);
			name = ViewController_iPad.xib;
			sourceTree = "<group>";
		};
/* End PBXVariantGroup section */

/* Begin XCBuildConfiguration section */
		0503C63F15999A1F000F6945 /* Debug */ = {
			isa = XCBuildConfiguration;
			buildSettings = {
				ALWAYS_SEARCH_USER_PATHS = NO;
				ARCHS = "$(ARCHS_STANDARD_32_BIT)";
				"CODE_SIGN_IDENTITY[sdk=iphoneos*]" = "iPhone Developer";
				COPY_PHASE_STRIP = NO;
				GCC_C_LANGUAGE_STANDARD = gnu99;
				GCC_DYNAMIC_NO_PIC = NO;
				GCC_OPTIMIZATION_LEVEL = 0;
				GCC_PREPROCESSOR_DEFINITIONS = (
					"DEBUG=1",
					"$(inherited)",
				);
				GCC_SYMBOLS_PRIVATE_EXTERN = NO;
				GCC_VERSION = com.apple.compilers.llvm.clang.1_0;
				GCC_WARN_ABOUT_RETURN_TYPE = YES;
				GCC_WARN_UNINITIALIZED_AUTOS = YES;
				GCC_WARN_UNUSED_VARIABLE = YES;
				IPHONEOS_DEPLOYMENT_TARGET = 5.1;
				SDKROOT = iphoneos;
				TARGETED_DEVICE_FAMILY = "1,2";
			};
			name = Debug;
		};
		0503C64015999A1F000F6945 /* Release */ = {
			isa = XCBuildConfiguration;
			buildSettings = {
				ALWAYS_SEARCH_USER_PATHS = NO;
				ARCHS = "$(ARCHS_STANDARD_32_BIT)";
				"CODE_SIGN_IDENTITY[sdk=iphoneos*]" = "iPhone Developer";
				COPY_PHASE_STRIP = YES;
				GCC_C_LANGUAGE_STANDARD = gnu99;
				GCC_VERSION = com.apple.compilers.llvm.clang.1_0;
				GCC_WARN_ABOUT_RETURN_TYPE = YES;
				GCC_WARN_UNINITIALIZED_AUTOS = YES;
				GCC_WARN_UNUSED_VARIABLE = YES;
				IPHONEOS_DEPLOYMENT_TARGET = 5.1;
				OTHER_CFLAGS = "-DNS_BLOCK_ASSERTIONS=1";
				SDKROOT = iphoneos;
				TARGETED_DEVICE_FAMILY = "1,2";
				VALIDATE_PRODUCT = YES;
			};
			name = Release;
		};
		0503C64215999A1F000F6945 /* Debug */ = {
			isa = XCBuildConfiguration;
			buildSettings = {
				GCC_PRECOMPILE_PREFIX_HEADER = YES;
				GCC_PREFIX_HEADER = "LoveShopping/LoveShopping-Prefix.pch";
				INFOPLIST_FILE = "LoveShopping/LoveShopping-Info.plist";
				PRODUCT_NAME = "$(TARGET_NAME)";
				WRAPPER_EXTENSION = app;
			};
			name = Debug;
		};
		0503C64315999A1F000F6945 /* Release */ = {
			isa = XCBuildConfiguration;
			buildSettings = {
				GCC_PRECOMPILE_PREFIX_HEADER = YES;
				GCC_PREFIX_HEADER = "LoveShopping/LoveShopping-Prefix.pch";
				INFOPLIST_FILE = "LoveShopping/LoveShopping-Info.plist";
				PRODUCT_NAME = "$(TARGET_NAME)";
				WRAPPER_EXTENSION = app;
			};
			name = Release;
		};
/* End XCBuildConfiguration section */

/* Begin XCConfigurationList section */
		0503C61A15999A1F000F6945 /* Build configuration list for PBXProject "LoveShopping" */ = {
			isa = XCConfigurationList;
			buildConfigurations = (
				0503C63F15999A1F000F6945 /* Debug */,
				0503C64015999A1F000F6945 /* Release */,
			);
			defaultConfigurationIsVisible = 0;
			defaultConfigurationName = Release;
		};
		0503C64115999A1F000F6945 /* Build configuration list for PBXNativeTarget "LoveShopping" */ = {
			isa = XCConfigurationList;
			buildConfigurations = (
				0503C64215999A1F000F6945 /* Debug */,
				0503C64315999A1F000F6945 /* Release */,
			);
			defaultConfigurationIsVisible = 0;
		};
/* End XCConfigurationList section */
	};
	rootObject = 0503C61715999A1F000F6945 /* Project object */;
}
